// !$*UTF8*$!
{
	archiveVersion = 1;
	classes = {
	};
	objectVersion = 46;
	objects = {

/* Begin PBXBuildFile section */
		F558D0FF1C958EBF00F87F88 /* main.m in Sources */ = {isa = PBXBuildFile; fileRef = F558D0FE1C958EBF00F87F88 /* main.m */; };
		F558D1021C958EBF00F87F88 /* AppDelegate.m in Sources */ = {isa = PBXBuildFile; fileRef = F558D1011C958EBF00F87F88 /* AppDelegate.m */; };
		F558D1051C958EBF00F87F88 /* ViewController.m in Sources */ = {isa = PBXBuildFile; fileRef = F558D1041C958EBF00F87F88 /* ViewController.m */; };
		F558D1081C958EBF00F87F88 /* Main.storyboard in Resources */ = {isa = PBXBuildFile; fileRef = F558D1061C958EBF00F87F88 /* Main.storyboard */; };
		F558D10A1C958EBF00F87F88 /* Assets.xcassets in Resources */ = {isa = PBXBuildFile; fileRef = F558D1091C958EBF00F87F88 /* Assets.xcassets */; };
		F558D10D1C958EBF00F87F88 /* LaunchScreen.storyboard in Resources */ = {isa = PBXBuildFile; fileRef = F558D10B1C958EBF00F87F88 /* LaunchScreen.storyboard */; };
		F558D1181C958EBF00F87F88 /* ___Tests.m in Sources */ = {isa = PBXBuildFile; fileRef = F558D1171C958EBF00F87F88 /* ___Tests.m */; };
		F558D1231C958EBF00F87F88 /* ___UITests.m in Sources */ = {isa = PBXBuildFile; fileRef = F558D1221C958EBF00F87F88 /* ___UITests.m */; };
/* End PBXBuildFile section */

/* Begin PBXContainerItemProxy section */
		F558D1141C958EBF00F87F88 /* PBXContainerItemProxy */ = {
			isa = PBXContainerItemProxy;
			containerPortal = F558D0F21C958EBE00F87F88 /* Project object */;
			proxyType = 1;
			remoteGlobalIDString = F558D0F91C958EBF00F87F88;
			remoteInfo = "再试试";
		};
		F558D11F1C958EBF00F87F88 /* PBXContainerItemProxy */ = {
			isa = PBXContainerItemProxy;
			containerPortal = F558D0F21C958EBE00F87F88 /* Project object */;
			proxyType = 1;
			remoteGlobalIDString = F558D0F91C958EBF00F87F88;
			remoteInfo = "再试试";
		};
/* End PBXContainerItemProxy section */

/* Begin PBXFileReference section */
		F558D0FA1C958EBF00F87F88 /* 再试试.app */ = {isa = PBXFileReference; explicitFileType = wrapper.application; includeInIndex = 0; path = "再试试.app"; sourceTree = BUILT_PRODUCTS_DIR; };
		F558D0FE1C958EBF00F87F88 /* main.m */ = {isa = PBXFileReference; lastKnownFileType = sourcecode.c.objc; path = main.m; sourceTree = "<group>"; };
		F558D1001C958EBF00F87F88 /* AppDelegate.h */ = {isa = PBXFileReference; lastKnownFileType = sourcecode.c.h; path = AppDelegate.h; sourceTree = "<group>"; };
		F558D1011C958EBF00F87F88 /* AppDelegate.m */ = {isa = PBXFileReference; lastKnownFileType = sourcecode.c.objc; path = AppDelegate.m; sourceTree = "<group>"; };
		F558D1031C958EBF00F87F88 /* ViewController.h */ = {isa = PBXFileReference; lastKnownFileType = sourcecode.c.h; path = ViewController.h; sourceTree = "<group>"; };
		F558D1041C958EBF00F87F88 /* ViewController.m */ = {isa = PBXFileReference; lastKnownFileType = sourcecode.c.objc; path = ViewController.m; sourceTree = "<group>"; };
		F558D1071C958EBF00F87F88 /* Base */ = {isa = PBXFileReference; lastKnownFileType = file.storyboard; name = Base; path = Base.lproj/Main.storyboard; sourceTree = "<group>"; };
		F558D1091C958EBF00F87F88 /* Assets.xcassets */ = {isa = PBXFileReference; lastKnownFileType = folder.assetcatalog; path = Assets.xcassets; sourceTree = "<group>"; };
		F558D10C1C958EBF00F87F88 /* Base */ = {isa = PBXFileReference; lastKnownFileType = file.storyboard; name = Base; path = Base.lproj/LaunchScreen.storyboard; sourceTree = "<group>"; };
		F558D10E1C958EBF00F87F88 /* Info.plist */ = {isa = PBXFileReference; lastKnownFileType = text.plist.xml; path = Info.plist; sourceTree = "<group>"; };
		F558D1131C958EBF00F87F88 /* 再试试Tests.xctest */ = {isa = PBXFileReference; explicitFileType = wrapper.cfbundle; includeInIndex = 0; path = "再试试Tests.xctest"; sourceTree = BUILT_PRODUCTS_DIR; };
		F558D1171C958EBF00F87F88 /* ___Tests.m */ = {isa = PBXFileReference; lastKnownFileType = sourcecode.c.objc; path = "___Tests.m"; sourceTree = "<group>"; };
		F558D1191C958EBF00F87F88 /* Info.plist */ = {isa = PBXFileReference; lastKnownFileType = text.plist.xml; path = Info.plist; sourceTree = "<group>"; };
		F558D11E1C958EBF00F87F88 /* 再试试UITests.xctest */ = {isa = PBXFileReference; explicitFileType = wrapper.cfbundle; includeInIndex = 0; path = "再试试UITests.xctest"; sourceTree = BUILT_PRODUCTS_DIR; };
		F558D1221C958EBF00F87F88 /* ___UITests.m */ = {isa = PBXFileReference; lastKnownFileType = sourcecode.c.objc; path = "___UITests.m"; sourceTree = "<group>"; };
		F558D1241C958EBF00F87F88 /* Info.plist */ = {isa = PBXFileReference; lastKnownFileType = text.plist.xml; path = Info.plist; sourceTree = "<group>"; };
/* End PBXFileReference section */

/* Begin PBXFrameworksBuildPhase section */
		F558D0F71C958EBF00F87F88 /* Frameworks */ = {
			isa = PBXFrameworksBuildPhase;
			buildActionMask = 2147483647;
			files = (
			);
			runOnlyForDeploymentPostprocessing = 0;
		};
		F558D1101C958EBF00F87F88 /* Frameworks */ = {
			isa = PBXFrameworksBuildPhase;
			buildActionMask = 2147483647;
			files = (
			);
			runOnlyForDeploymentPostprocessing = 0;
		};
		F558D11B1C958EBF00F87F88 /* Frameworks */ = {
			isa = PBXFrameworksBuildPhase;
			buildActionMask = 2147483647;
			files = (
			);
			runOnlyForDeploymentPostprocessing = 0;
		};
/* End PBXFrameworksBuildPhase section */

/* Begin PBXGroup section */
		F558D0F11C958EBE00F87F88 = {
			isa = PBXGroup;
			children = (
				F558D0FC1C958EBF00F87F88 /* 再试试 */,
				F558D1161C958EBF00F87F88 /* 再试试Tests */,
				F558D1211C958EBF00F87F88 /* 再试试UITests */,
				F558D0FB1C958EBF00F87F88 /* Products */,
			);
			sourceTree = "<group>";
		};
		F558D0FB1C958EBF00F87F88 /* Products */ = {
			isa = PBXGroup;
			children = (
				F558D0FA1C958EBF00F87F88 /* 再试试.app */,
				F558D1131C958EBF00F87F88 /* 再试试Tests.xctest */,
				F558D11E1C958EBF00F87F88 /* 再试试UITests.xctest */,
			);
			name = Products;
			sourceTree = "<group>";
		};
		F558D0FC1C958EBF00F87F88 /* 再试试 */ = {
			isa = PBXGroup;
			children = (
				F558D1001C958EBF00F87F88 /* AppDelegate.h */,
				F558D1011C958EBF00F87F88 /* AppDelegate.m */,
				F558D1031C958EBF00F87F88 /* ViewController.h */,
				F558D1041C958EBF00F87F88 /* ViewController.m */,
				F558D1061C958EBF00F87F88 /* Main.storyboard */,
				F558D1091C958EBF00F87F88 /* Assets.xcassets */,
				F558D10B1C958EBF00F87F88 /* LaunchScreen.storyboard */,
				F558D10E1C958EBF00F87F88 /* Info.plist */,
				F558D0FD1C958EBF00F87F88 /* Supporting Files */,
			);
			path = "再试试";
			sourceTree = "<group>";
		};
		F558D0FD1C958EBF00F87F88 /* Supporting Files */ = {
			isa = PBXGroup;
			children = (
				F558D0FE1C958EBF00F87F88 /* main.m */,
			);
			name = "Supporting Files";
			sourceTree = "<group>";
		};
		F558D1161C958EBF00F87F88 /* 再试试Tests */ = {
			isa = PBXGroup;
			children = (
				F558D1171C958EBF00F87F88 /* ___Tests.m */,
				F558D1191C958EBF00F87F88 /* Info.plist */,
			);
			path = "再试试Tests";
			sourceTree = "<group>";
		};
		F558D1211C958EBF00F87F88 /* 再试试UITests */ = {
			isa = PBXGroup;
			children = (
				F558D1221C958EBF00F87F88 /* ___UITests.m */,
				F558D1241C958EBF00F87F88 /* Info.plist */,
			);
			path = "再试试UITests";
			sourceTree = "<group>";
		};
/* End PBXGroup section */

/* Begin PBXNativeTarget section */
		F558D0F91C958EBF00F87F88 /* 再试试 */ = {
			isa = PBXNativeTarget;
			buildConfigurationList = F558D1271C958EBF00F87F88 /* Build configuration list for PBXNativeTarget "再试试" */;
			buildPhases = (
				F558D0F61C958EBF00F87F88 /* Sources */,
				F558D0F71C958EBF00F87F88 /* Frameworks */,
				F558D0F81C958EBF00F87F88 /* Resources */,
			);
			buildRules = (
			);
			dependencies = (
			);
			name = "再试试";
			productName = "再试试";
			productReference = F558D0FA1C958EBF00F87F88 /* 再试试.app */;
			productType = "com.apple.product-type.application";
		};
		F558D1121C958EBF00F87F88 /* 再试试Tests */ = {
			isa = PBXNativeTarget;
			buildConfigurationList = F558D12A1C958EBF00F87F88 /* Build configuration list for PBXNativeTarget "再试试Tests" */;
			buildPhases = (
				F558D10F1C958EBF00F87F88 /* Sources */,
				F558D1101C958EBF00F87F88 /* Frameworks */,
				F558D1111C958EBF00F87F88 /* Resources */,
			);
			buildRules = (
			);
			dependencies = (
				F558D1151C958EBF00F87F88 /* PBXTargetDependency */,
			);
			name = "再试试Tests";
			productName = "再试试Tests";
			productReference = F558D1131C958EBF00F87F88 /* 再试试Tests.xctest */;
			productType = "com.apple.product-type.bundle.unit-test";
		};
		F558D11D1C958EBF00F87F88 /* 再试试UITests */ = {
			isa = PBXNativeTarget;
			buildConfigurationList = F558D12D1C958EBF00F87F88 /* Build configuration list for PBXNativeTarget "再试试UITests" */;
			buildPhases = (
				F558D11A1C958EBF00F87F88 /* Sources */,
				F558D11B1C958EBF00F87F88 /* Frameworks */,
				F558D11C1C958EBF00F87F88 /* Resources */,
			);
			buildRules = (
			);
			dependencies = (
				F558D1201C958EBF00F87F88 /* PBXTargetDependency */,
			);
			name = "再试试UITests";
			productName = "再试试UITests";
			productReference = F558D11E1C958EBF00F87F88 /* 再试试UITests.xctest */;
			productType = "com.apple.product-type.bundle.ui-testing";
		};
/* End PBXNativeTarget section */

/* Begin PBXProject section */
		F558D0F21C958EBE00F87F88 /* Project object */ = {
			isa = PBXProject;
			attributes = {
				LastUpgradeCheck = 0720;
				ORGANIZATIONNAME = wyman;
				TargetAttributes = {
					F558D0F91C958EBF00F87F88 = {
						CreatedOnToolsVersion = 7.2;
						DevelopmentTeam = LYEX7G74PX;
					};
					F558D1121C958EBF00F87F88 = {
						CreatedOnToolsVersion = 7.2;
						DevelopmentTeam = LYEX7G74PX;
						TestTargetID = F558D0F91C958EBF00F87F88;
					};
					F558D11D1C958EBF00F87F88 = {
						CreatedOnToolsVersion = 7.2;
						DevelopmentTeam = LYEX7G74PX;
						TestTargetID = F558D0F91C958EBF00F87F88;
					};
				};
			};
			buildConfigurationList = F558D0F51C958EBE00F87F88 /* Build configuration list for PBXProject "再试试" */;
			compatibilityVersion = "Xcode 3.2";
			developmentRegion = English;
			hasScannedForEncodings = 0;
			knownRegions = (
				en,
				Base,
			);
			mainGroup = F558D0F11C958EBE00F87F88;
			productRefGroup = F558D0FB1C958EBF00F87F88 /* Products */;
			projectDirPath = "";
			projectRoot = "";
			targets = (
				F558D0F91C958EBF00F87F88 /* 再试试 */,
				F558D1121C958EBF00F87F88 /* 再试试Tests */,
				F558D11D1C958EBF00F87F88 /* 再试试UITests */,
			);
		};
/* End PBXProject section */

/* Begin PBXResourcesBuildPhase section */
		F558D0F81C958EBF00F87F88 /* Resources */ = {
			isa = PBXResourcesBuildPhase;
			buildActionMask = 2147483647;
			files = (
				F558D10D1C958EBF00F87F88 /* LaunchScreen.storyboard in Resources */,
				F558D10A1C958EBF00F87F88 /* Assets.xcassets in Resources */,
				F558D1081C958EBF00F87F88 /* Main.storyboard in Resources */,
			);
			runOnlyForDeploymentPostprocessing = 0;
		};
		F558D1111C958EBF00F87F88 /* Resources */ = {
			isa = PBXResourcesBuildPhase;
			buildActionMask = 2147483647;
			files = (
			);
			runOnlyForDeploymentPostprocessing = 0;
		};
		F558D11C1C958EBF00F87F88 /* Resources */ = {
			isa = PBXResourcesBuildPhase;
			buildActionMask = 2147483647;
			files = (
			);
			runOnlyForDeploymentPostprocessing = 0;
		};
/* End PBXResourcesBuildPhase section */

/* Begin PBXSourcesBuildPhase section */
		F558D0F61C958EBF00F87F88 /* Sources */ = {
			isa = PBXSourcesBuildPhase;
			buildActionMask = 2147483647;
			files = (
				F558D1051C958EBF00F87F88 /* ViewController.m in Sources */,
				F558D1021C958EBF00F87F88 /* AppDelegate.m in Sources */,
				F558D0FF1C958EBF00F87F88 /* main.m in Sources */,
			);
			runOnlyForDeploymentPostprocessing = 0;
		};
		F558D10F1C958EBF00F87F88 /* Sources */ = {
			isa = PBXSourcesBuildPhase;
			buildActionMask = 2147483647;
			files = (
				F558D1181C958EBF00F87F88 /* ___Tests.m in Sources */,
			);
			runOnlyForDeploymentPostprocessing = 0;
		};
		F558D11A1C958EBF00F87F88 /* Sources */ = {
			isa = PBXSourcesBuildPhase;
			buildActionMask = 2147483647;
			files = (
				F558D1231C958EBF00F87F88 /* ___UITests.m in Sources */,
			);
			runOnlyForDeploymentPostprocessing = 0;
		};
/* End PBXSourcesBuildPhase section */

/* Begin PBXTargetDependency section */
		F558D1151C958EBF00F87F88 /* PBXTargetDependency */ = {
			isa = PBXTargetDependency;
			target = F558D0F91C958EBF00F87F88 /* 再试试 */;
			targetProxy = F558D1141C958EBF00F87F88 /* PBXContainerItemProxy */;
		};
		F558D1201C958EBF00F87F88 /* PBXTargetDependency */ = {
			isa = PBXTargetDependency;
			target = F558D0F91C958EBF00F87F88 /* 再试试 */;
			targetProxy = F558D11F1C958EBF00F87F88 /* PBXContainerItemProxy */;
		};
/* End PBXTargetDependency section */

/* Begin PBXVariantGroup section */
		F558D1061C958EBF00F87F88 /* Main.storyboard */ = {
			isa = PBXVariantGroup;
			children = (
				F558D1071C958EBF00F87F88 /* Base */,
			);
			name = Main.storyboard;
			sourceTree = "<group>";
		};
		F558D10B1C958EBF00F87F88 /* LaunchScreen.storyboard */ = {
			isa = PBXVariantGroup;
			children = (
				F558D10C1C958EBF00F87F88 /* Base */,
			);
			name = LaunchScreen.storyboard;
			sourceTree = "<group>";
		};
/* End PBXVariantGroup section */

/* Begin XCBuildConfiguration section */
		F558D1251C958EBF00F87F88 /* Debug */ = {
			isa = XCBuildConfiguration;
			buildSettings = {
				ALWAYS_SEARCH_USER_PATHS = NO;
				CLANG_CXX_LANGUAGE_STANDARD = "gnu++0x";
				CLANG_CXX_LIBRARY = "libc++";
				CLANG_ENABLE_MODULES = YES;
				CLANG_ENABLE_OBJC_ARC = YES;
				CLANG_WARN_BOOL_CONVERSION = YES;
				CLANG_WARN_CONSTANT_CONVERSION = YES;
				CLANG_WARN_DIRECT_OBJC_ISA_USAGE = YES_ERROR;
				CLANG_WARN_EMPTY_BODY = YES;
				CLANG_WARN_ENUM_CONVERSION = YES;
				CLANG_WARN_INT_CONVERSION = YES;
				CLANG_WARN_OBJC_ROOT_CLASS = YES_ERROR;
				CLANG_WARN_UNREACHABLE_CODE = YES;
				CLANG_WARN__DUPLICATE_METHOD_MATCH = YES;
				"CODE_SIGN_IDENTITY[sdk=iphoneos*]" = "iPhone Developer";
				COPY_PHASE_STRIP = NO;
				DEBUG_INFORMATION_FORMAT = dwarf;
				ENABLE_STRICT_OBJC_MSGSEND = YES;
				ENABLE_TESTABILITY = YES;
				GCC_C_LANGUAGE_STANDARD = gnu99;
				GCC_DYNAMIC_NO_PIC = NO;
				GCC_NO_COMMON_BLOCKS = YES;
				GCC_OPTIMIZATION_LEVEL = 0;
				GCC_PREPROCESSOR_DEFINITIONS = (
					"DEBUG=1",
					"$(inherited)",
				);
				GCC_WARN_64_TO_32_BIT_CONVERSION = YES;
				GCC_WARN_ABOUT_RETURN_TYPE = YES_ERROR;
				GCC_WARN_UNDECLARED_SELECTOR = YES;
				GCC_WARN_UNINITIALIZED_AUTOS = YES_AGGRESSIVE;
				GCC_WARN_UNUSED_FUNCTION = YES;
				GCC_WARN_UNUSED_VARIABLE = YES;
				IPHONEOS_DEPLOYMENT_TARGET = 9.2;
				MTL_ENABLE_DEBUG_INFO = YES;
				ONLY_ACTIVE_ARCH = YES;
				SDKROOT = iphoneos;
				TARGETED_DEVICE_FAMILY = "1,2";
			};
			name = Debug;
		};
		F558D1261C958EBF00F87F88 /* Release */ = {
			isa = XCBuildConfiguration;
			buildSettings = {
				ALWAYS_SEARCH_USER_PATHS = NO;
				CLANG_CXX_LANGUAGE_STANDARD = "gnu++0x";
				CLANG_CXX_LIBRARY = "libc++";
				CLANG_ENABLE_MODULES = YES;
				CLANG_ENABLE_OBJC_ARC = YES;
				CLANG_WARN_BOOL_CONVERSION = YES;
				CLANG_WARN_CONSTANT_CONVERSION = YES;
				CLANG_WARN_DIRECT_OBJC_ISA_USAGE = YES_ERROR;
				CLANG_WARN_EMPTY_BODY = YES;
				CLANG_WARN_ENUM_CONVERSION = YES;
				CLANG_WARN_INT_CONVERSION = YES;
				CLANG_WARN_OBJC_ROOT_CLASS = YES_ERROR;
				CLANG_WARN_UNREACHABLE_CODE = YES;
				CLANG_WARN__DUPLICATE_METHOD_MATCH = YES;
				"CODE_SIGN_IDENTITY[sdk=iphoneos*]" = "iPhone Developer";
				COPY_PHASE_STRIP = NO;
				DEBUG_INFORMATION_FORMAT = "dwarf-with-dsym";
				ENABLE_NS_ASSERTIONS = NO;
				ENABLE_STRICT_OBJC_MSGSEND = YES;
				GCC_C_LANGUAGE_STANDARD = gnu99;
				GCC_NO_COMMON_BLOCKS = YES;
				GCC_WARN_64_TO_32_BIT_CONVERSION = YES;
				GCC_WARN_ABOUT_RETURN_TYPE = YES_ERROR;
				GCC_WARN_UNDECLARED_SELECTOR = YES;
				GCC_WARN_UNINITIALIZED_AUTOS = YES_AGGRESSIVE;
				GCC_WARN_UNUSED_FUNCTION = YES;
				GCC_WARN_UNUSED_VARIABLE = YES;
				IPHONEOS_DEPLOYMENT_TARGET = 9.2;
				MTL_ENABLE_DEBUG_INFO = NO;
				SDKROOT = iphoneos;
				TARGETED_DEVICE_FAMILY = "1,2";
				VALIDATE_PRODUCT = YES;
			};
			name = Release;
		};
		F558D1281C958EBF00F87F88 /* Debug */ = {
			isa = XCBuildConfiguration;
			buildSettings = {
				ASSETCATALOG_COMPILER_APPICON_NAME = AppIcon;
				INFOPLIST_FILE = "再试试/Info.plist";
				LD_RUNPATH_SEARCH_PATHS = "$(inherited) @executable_path/Frameworks";
				PRODUCT_BUNDLE_IDENTIFIER = "cn.wyman.www.---";
				PRODUCT_NAME = "$(TARGET_NAME)";
			};
			name = Debug;
		};
		F558D1291C958EBF00F87F88 /* Release */ = {
			isa = XCBuildConfiguration;
			buildSettings = {
				ASSETCATALOG_COMPILER_APPICON_NAME = AppIcon;
				INFOPLIST_FILE = "再试试/Info.plist";
				LD_RUNPATH_SEARCH_PATHS = "$(inherited) @executable_path/Frameworks";
				PRODUCT_BUNDLE_IDENTIFIER = "cn.wyman.www.---";
				PRODUCT_NAME = "$(TARGET_NAME)";
			};
			name = Release;
		};
		F558D12B1C958EBF00F87F88 /* Debug */ = {
			isa = XCBuildConfiguration;
			buildSettings = {
				BUNDLE_LOADER = "$(TEST_HOST)";
				INFOPLIST_FILE = "再试试Tests/Info.plist";
				LD_RUNPATH_SEARCH_PATHS = "$(inherited) @executable_path/Frameworks @loader_path/Frameworks";
				PRODUCT_BUNDLE_IDENTIFIER = "cn.wyman.www.---Tests";
				PRODUCT_NAME = "$(TARGET_NAME)";
				TEST_HOST = "$(BUILT_PRODUCTS_DIR)/再试试.app/再试试";
			};
			name = Debug;
		};
		F558D12C1C958EBF00F87F88 /* Release */ = {
			isa = XCBuildConfiguration;
			buildSettings = {
				BUNDLE_LOADER = "$(TEST_HOST)";
				INFOPLIST_FILE = "再试试Tests/Info.plist";
				LD_RUNPATH_SEARCH_PATHS = "$(inherited) @executable_path/Frameworks @loader_path/Frameworks";
				PRODUCT_BUNDLE_IDENTIFIER = "cn.wyman.www.---Tests";
				PRODUCT_NAME = "$(TARGET_NAME)";
				TEST_HOST = "$(BUILT_PRODUCTS_DIR)/再试试.app/再试试";
			};
			name = Release;
		};
		F558D12E1C958EBF00F87F88 /* Debug */ = {
			isa = XCBuildConfiguration;
			buildSettings = {
				INFOPLIST_FILE = "再试试UITests/Info.plist";
				LD_RUNPATH_SEARCH_PATHS = "$(inherited) @executable_path/Frameworks @loader_path/Frameworks";
				PRODUCT_BUNDLE_IDENTIFIER = "cn.wyman.www.---UITests";
				PRODUCT_NAME = "$(TARGET_NAME)";
				TEST_TARGET_NAME = "再试试";
				USES_XCTRUNNER = YES;
			};
			name = Debug;
		};
		F558D12F1C958EBF00F87F88 /* Release */ = {
			isa = XCBuildConfiguration;
			buildSettings = {
				INFOPLIST_FILE = "再试试UITests/Info.plist";
				LD_RUNPATH_SEARCH_PATHS = "$(inherited) @executable_path/Frameworks @loader_path/Frameworks";
				PRODUCT_BUNDLE_IDENTIFIER = "cn.wyman.www.---UITests";
				PRODUCT_NAME = "$(TARGET_NAME)";
				TEST_TARGET_NAME = "再试试";
				USES_XCTRUNNER = YES;
			};
			name = Release;
		};
/* End XCBuildConfiguration section */

/* Begin XCConfigurationList section */
		F558D0F51C958EBE00F87F88 /* Build configuration list for PBXProject "再试试" */ = {
			isa = XCConfigurationList;
			buildConfigurations = (
				F558D1251C958EBF00F87F88 /* Debug */,
				F558D1261C958EBF00F87F88 /* Release */,
			);
			defaultConfigurationIsVisible = 0;
			defaultConfigurationName = Release;
		};
		F558D1271C958EBF00F87F88 /* Build configuration list for PBXNativeTarget "再试试" */ = {
			isa = XCConfigurationList;
			buildConfigurations = (
				F558D1281C958EBF00F87F88 /* Debug */,
				F558D1291C958EBF00F87F88 /* Release */,
			);
			defaultConfigurationIsVisible = 0;
		};
		F558D12A1C958EBF00F87F88 /* Build configuration list for PBXNativeTarget "再试试Tests" */ = {
			isa = XCConfigurationList;
			buildConfigurations = (
				F558D12B1C958EBF00F87F88 /* Debug */,
				F558D12C1C958EBF00F87F88 /* Release */,
			);
			defaultConfigurationIsVisible = 0;
		};
		F558D12D1C958EBF00F87F88 /* Build configuration list for PBXNativeTarget "再试试UITests" */ = {
			isa = XCConfigurationList;
			buildConfigurations = (
				F558D12E1C958EBF00F87F88 /* Debug */,
				F558D12F1C958EBF00F87F88 /* Release */,
			);
			defaultConfigurationIsVisible = 0;
		};
/* End XCConfigurationList section */
	};
	rootObject = F558D0F21C958EBE00F87F88 /* Project object */;
}
