// !$*UTF8*$!
{
	archiveVersion = 1;
	classes = {
	};
	objectVersion = 46;
	objects = {

/* Begin PBXBuildFile section */
		267D9D69CD229E1BD2E91F0E /* libPods.a in Frameworks */ = {isa = PBXBuildFile; fileRef = E75EE897A17DCDC94EAEB6BD /* libPods.a */; };
		F558D1331C958FE800F87F88 /* HMNetworkTool.m in Sources */ = {isa = PBXBuildFile; fileRef = F558D1321C958FE800F87F88 /* HMNetworkTool.m */; };
		F558D1371C95901700F87F88 /* HMHeadLine.m in Sources */ = {isa = PBXBuildFile; fileRef = F558D1361C95901700F87F88 /* HMHeadLine.m */; };
		F56A09581C95A9FE00ED9395 /* HMHeadLineViewController.m in Sources */ = {isa = PBXBuildFile; fileRef = F56A09571C95A9FE00ED9395 /* HMHeadLineViewController.m */; };
		F56A095C1C95ABD100ED9395 /* HMLoopView.m in Sources */ = {isa = PBXBuildFile; fileRef = F56A095B1C95ABD100ED9395 /* HMLoopView.m */; };
		F56A095F1C95B7D500ED9395 /* HMloopViewCell.m in Sources */ = {isa = PBXBuildFile; fileRef = F56A095E1C95B7D500ED9395 /* HMloopViewCell.m */; };
		F56A09621C95B7F300ED9395 /* HMLoopViewFlowLayout.m in Sources */ = {isa = PBXBuildFile; fileRef = F56A09611C95B7F300ED9395 /* HMLoopViewFlowLayout.m */; };
		F56A09661C95BD5400ED9395 /* HMNews.m in Sources */ = {isa = PBXBuildFile; fileRef = F56A09651C95BD5400ED9395 /* HMNews.m */; };
		F56A09691C95C08C00ED9395 /* HMNewsViewController.m in Sources */ = {isa = PBXBuildFile; fileRef = F56A09681C95C08C00ED9395 /* HMNewsViewController.m */; };
		F56A096B1C95C0DA00ED9395 /* Newss.Storyboard in Resources */ = {isa = PBXBuildFile; fileRef = F56A096A1C95C0DA00ED9395 /* Newss.Storyboard */; };
		F56A096E1C95CEA700ED9395 /* HMNewsCell.m in Sources */ = {isa = PBXBuildFile; fileRef = F56A096D1C95CEA700ED9395 /* HMNewsCell.m */; };
		F56A09781C95DED200ED9395 /* HMChannel.m in Sources */ = {isa = PBXBuildFile; fileRef = F56A09731C95DED200ED9395 /* HMChannel.m */; };
		F56A097A1C95DED200ED9395 /* HMChannelLabel.m in Sources */ = {isa = PBXBuildFile; fileRef = F56A09771C95DED200ED9395 /* HMChannelLabel.m */; };
		F56A097D1C95DEF600ED9395 /* HMHomeViewController.m in Sources */ = {isa = PBXBuildFile; fileRef = F56A097C1C95DEF600ED9395 /* HMHomeViewController.m */; };
		F56A097F1C95DF2A00ED9395 /* Home.storyboard in Resources */ = {isa = PBXBuildFile; fileRef = F56A097E1C95DF2A00ED9395 /* Home.storyboard */; };
		F56A09811C95DFED00ED9395 /* topic_news.json in Resources */ = {isa = PBXBuildFile; fileRef = F56A09801C95DFED00ED9395 /* topic_news.json */; };
		F56A09831C96D6AA00ED9395 /* headline.Storyboard in Resources */ = {isa = PBXBuildFile; fileRef = F56A09821C96D6AA00ED9395 /* headline.Storyboard */; };
		F56D36FD1C97D7D90069E26C /* HMChannelCell.m in Sources */ = {isa = PBXBuildFile; fileRef = F56D36FC1C97D7D90069E26C /* HMChannelCell.m */; };
		F5BA36BB1C95859400E0F7F7 /* main.m in Sources */ = {isa = PBXBuildFile; fileRef = F5BA36BA1C95859400E0F7F7 /* main.m */; };
		F5BA36BE1C95859400E0F7F7 /* AppDelegate.m in Sources */ = {isa = PBXBuildFile; fileRef = F5BA36BD1C95859400E0F7F7 /* AppDelegate.m */; };
		F5BA36C11C95859400E0F7F7 /* ViewController.m in Sources */ = {isa = PBXBuildFile; fileRef = F5BA36C01C95859400E0F7F7 /* ViewController.m */; };
		F5BA36C61C95859400E0F7F7 /* Assets.xcassets in Resources */ = {isa = PBXBuildFile; fileRef = F5BA36C51C95859400E0F7F7 /* Assets.xcassets */; };
		F5BA36C91C95859400E0F7F7 /* LaunchScreen.storyboard in Resources */ = {isa = PBXBuildFile; fileRef = F5BA36C71C95859400E0F7F7 /* LaunchScreen.storyboard */; };
		F5BA36D41C95859400E0F7F7 /* ____Tests.m in Sources */ = {isa = PBXBuildFile; fileRef = F5BA36D31C95859400E0F7F7 /* ____Tests.m */; };
		F5BA36DF1C95859400E0F7F7 /* ____UITests.m in Sources */ = {isa = PBXBuildFile; fileRef = F5BA36DE1C95859400E0F7F7 /* ____UITests.m */; };
/* End PBXBuildFile section */

/* Begin PBXContainerItemProxy section */
		F5BA36D01C95859400E0F7F7 /* PBXContainerItemProxy */ = {
			isa = PBXContainerItemProxy;
			containerPortal = F5BA36AE1C95859400E0F7F7 /* Project object */;
			proxyType = 1;
			remoteGlobalIDString = F5BA36B51C95859400E0F7F7;
			remoteInfo = "网易新闻";
		};
		F5BA36DB1C95859400E0F7F7 /* PBXContainerItemProxy */ = {
			isa = PBXContainerItemProxy;
			containerPortal = F5BA36AE1C95859400E0F7F7 /* Project object */;
			proxyType = 1;
			remoteGlobalIDString = F5BA36B51C95859400E0F7F7;
			remoteInfo = "网易新闻";
		};
/* End PBXContainerItemProxy section */

/* Begin PBXFileReference section */
		AAD089C2A1182F080545BE2E /* Pods.debug.xcconfig */ = {isa = PBXFileReference; includeInIndex = 1; lastKnownFileType = text.xcconfig; name = Pods.debug.xcconfig; path = "Pods/Target Support Files/Pods/Pods.debug.xcconfig"; sourceTree = "<group>"; };
		BF1CFE2125DEDFA3776A9DF1 /* Pods.release.xcconfig */ = {isa = PBXFileReference; includeInIndex = 1; lastKnownFileType = text.xcconfig; name = Pods.release.xcconfig; path = "Pods/Target Support Files/Pods/Pods.release.xcconfig"; sourceTree = "<group>"; };
		E75EE897A17DCDC94EAEB6BD /* libPods.a */ = {isa = PBXFileReference; explicitFileType = archive.ar; includeInIndex = 0; path = libPods.a; sourceTree = BUILT_PRODUCTS_DIR; };
		F558D1311C958FE800F87F88 /* HMNetworkTool.h */ = {isa = PBXFileReference; fileEncoding = 4; lastKnownFileType = sourcecode.c.h; path = HMNetworkTool.h; sourceTree = "<group>"; };
		F558D1321C958FE800F87F88 /* HMNetworkTool.m */ = {isa = PBXFileReference; fileEncoding = 4; lastKnownFileType = sourcecode.c.objc; path = HMNetworkTool.m; sourceTree = "<group>"; };
		F558D1351C95901700F87F88 /* HMHeadLine.h */ = {isa = PBXFileReference; fileEncoding = 4; lastKnownFileType = sourcecode.c.h; path = HMHeadLine.h; sourceTree = "<group>"; };
		F558D1361C95901700F87F88 /* HMHeadLine.m */ = {isa = PBXFileReference; fileEncoding = 4; lastKnownFileType = sourcecode.c.objc; path = HMHeadLine.m; sourceTree = "<group>"; };
		F56A09561C95A9FE00ED9395 /* HMHeadLineViewController.h */ = {isa = PBXFileReference; fileEncoding = 4; lastKnownFileType = sourcecode.c.h; path = HMHeadLineViewController.h; sourceTree = "<group>"; };
		F56A09571C95A9FE00ED9395 /* HMHeadLineViewController.m */ = {isa = PBXFileReference; fileEncoding = 4; lastKnownFileType = sourcecode.c.objc; path = HMHeadLineViewController.m; sourceTree = "<group>"; };
		F56A095A1C95ABD100ED9395 /* HMLoopView.h */ = {isa = PBXFileReference; fileEncoding = 4; lastKnownFileType = sourcecode.c.h; path = HMLoopView.h; sourceTree = "<group>"; };
		F56A095B1C95ABD100ED9395 /* HMLoopView.m */ = {isa = PBXFileReference; fileEncoding = 4; lastKnownFileType = sourcecode.c.objc; path = HMLoopView.m; sourceTree = "<group>"; };
		F56A095D1C95B7D500ED9395 /* HMloopViewCell.h */ = {isa = PBXFileReference; fileEncoding = 4; lastKnownFileType = sourcecode.c.h; path = HMloopViewCell.h; sourceTree = "<group>"; };
		F56A095E1C95B7D500ED9395 /* HMloopViewCell.m */ = {isa = PBXFileReference; fileEncoding = 4; lastKnownFileType = sourcecode.c.objc; path = HMloopViewCell.m; sourceTree = "<group>"; };
		F56A09601C95B7F300ED9395 /* HMLoopViewFlowLayout.h */ = {isa = PBXFileReference; fileEncoding = 4; lastKnownFileType = sourcecode.c.h; path = HMLoopViewFlowLayout.h; sourceTree = "<group>"; };
		F56A09611C95B7F300ED9395 /* HMLoopViewFlowLayout.m */ = {isa = PBXFileReference; fileEncoding = 4; lastKnownFileType = sourcecode.c.objc; path = HMLoopViewFlowLayout.m; sourceTree = "<group>"; };
		F56A09641C95BD5400ED9395 /* HMNews.h */ = {isa = PBXFileReference; fileEncoding = 4; lastKnownFileType = sourcecode.c.h; path = HMNews.h; sourceTree = "<group>"; };
		F56A09651C95BD5400ED9395 /* HMNews.m */ = {isa = PBXFileReference; fileEncoding = 4; lastKnownFileType = sourcecode.c.objc; path = HMNews.m; sourceTree = "<group>"; };
		F56A09671C95C08C00ED9395 /* HMNewsViewController.h */ = {isa = PBXFileReference; fileEncoding = 4; lastKnownFileType = sourcecode.c.h; path = HMNewsViewController.h; sourceTree = "<group>"; };
		F56A09681C95C08C00ED9395 /* HMNewsViewController.m */ = {isa = PBXFileReference; fileEncoding = 4; lastKnownFileType = sourcecode.c.objc; path = HMNewsViewController.m; sourceTree = "<group>"; };
		F56A096A1C95C0DA00ED9395 /* Newss.Storyboard */ = {isa = PBXFileReference; fileEncoding = 4; lastKnownFileType = file.storyboard; path = Newss.Storyboard; sourceTree = "<group>"; };
		F56A096C1C95CEA700ED9395 /* HMNewsCell.h */ = {isa = PBXFileReference; fileEncoding = 4; lastKnownFileType = sourcecode.c.h; path = HMNewsCell.h; sourceTree = "<group>"; };
		F56A096D1C95CEA700ED9395 /* HMNewsCell.m */ = {isa = PBXFileReference; fileEncoding = 4; lastKnownFileType = sourcecode.c.objc; path = HMNewsCell.m; sourceTree = "<group>"; };
		F56A09721C95DED200ED9395 /* HMChannel.h */ = {isa = PBXFileReference; fileEncoding = 4; lastKnownFileType = sourcecode.c.h; path = HMChannel.h; sourceTree = "<group>"; };
		F56A09731C95DED200ED9395 /* HMChannel.m */ = {isa = PBXFileReference; fileEncoding = 4; lastKnownFileType = sourcecode.c.objc; path = HMChannel.m; sourceTree = "<group>"; };
		F56A09761C95DED200ED9395 /* HMChannelLabel.h */ = {isa = PBXFileReference; fileEncoding = 4; lastKnownFileType = sourcecode.c.h; path = HMChannelLabel.h; sourceTree = "<group>"; };
		F56A09771C95DED200ED9395 /* HMChannelLabel.m */ = {isa = PBXFileReference; fileEncoding = 4; lastKnownFileType = sourcecode.c.objc; path = HMChannelLabel.m; sourceTree = "<group>"; };
		F56A097B1C95DEF600ED9395 /* HMHomeViewController.h */ = {isa = PBXFileReference; fileEncoding = 4; lastKnownFileType = sourcecode.c.h; path = HMHomeViewController.h; sourceTree = "<group>"; };
		F56A097C1C95DEF600ED9395 /* HMHomeViewController.m */ = {isa = PBXFileReference; fileEncoding = 4; lastKnownFileType = sourcecode.c.objc; path = HMHomeViewController.m; sourceTree = "<group>"; };
		F56A097E1C95DF2A00ED9395 /* Home.storyboard */ = {isa = PBXFileReference; fileEncoding = 4; lastKnownFileType = file.storyboard; path = Home.storyboard; sourceTree = "<group>"; };
		F56A09801C95DFED00ED9395 /* topic_news.json */ = {isa = PBXFileReference; fileEncoding = 4; lastKnownFileType = text.json; path = topic_news.json; sourceTree = "<group>"; };
		F56A09821C96D6AA00ED9395 /* headline.Storyboard */ = {isa = PBXFileReference; fileEncoding = 4; lastKnownFileType = file.storyboard; path = headline.Storyboard; sourceTree = "<group>"; };
		F56D36FB1C97D7D90069E26C /* HMChannelCell.h */ = {isa = PBXFileReference; fileEncoding = 4; lastKnownFileType = sourcecode.c.h; path = HMChannelCell.h; sourceTree = "<group>"; };
		F56D36FC1C97D7D90069E26C /* HMChannelCell.m */ = {isa = PBXFileReference; fileEncoding = 4; lastKnownFileType = sourcecode.c.objc; path = HMChannelCell.m; sourceTree = "<group>"; };
		F5BA36B61C95859400E0F7F7 /* 网易新闻.app */ = {isa = PBXFileReference; explicitFileType = wrapper.application; includeInIndex = 0; path = "网易新闻.app"; sourceTree = BUILT_PRODUCTS_DIR; };
		F5BA36BA1C95859400E0F7F7 /* main.m */ = {isa = PBXFileReference; lastKnownFileType = sourcecode.c.objc; path = main.m; sourceTree = "<group>"; };
		F5BA36BC1C95859400E0F7F7 /* AppDelegate.h */ = {isa = PBXFileReference; lastKnownFileType = sourcecode.c.h; path = AppDelegate.h; sourceTree = "<group>"; };
		F5BA36BD1C95859400E0F7F7 /* AppDelegate.m */ = {isa = PBXFileReference; lastKnownFileType = sourcecode.c.objc; path = AppDelegate.m; sourceTree = "<group>"; };
		F5BA36BF1C95859400E0F7F7 /* ViewController.h */ = {isa = PBXFileReference; lastKnownFileType = sourcecode.c.h; path = ViewController.h; sourceTree = "<group>"; };
		F5BA36C01C95859400E0F7F7 /* ViewController.m */ = {isa = PBXFileReference; lastKnownFileType = sourcecode.c.objc; path = ViewController.m; sourceTree = "<group>"; };
		F5BA36C51C95859400E0F7F7 /* Assets.xcassets */ = {isa = PBXFileReference; lastKnownFileType = folder.assetcatalog; path = Assets.xcassets; sourceTree = "<group>"; };
		F5BA36C81C95859400E0F7F7 /* Base */ = {isa = PBXFileReference; lastKnownFileType = file.storyboard; name = Base; path = Base.lproj/LaunchScreen.storyboard; sourceTree = "<group>"; };
		F5BA36CA1C95859400E0F7F7 /* Info.plist */ = {isa = PBXFileReference; lastKnownFileType = text.plist.xml; path = Info.plist; sourceTree = "<group>"; };
		F5BA36CF1C95859400E0F7F7 /* 网易新闻Tests.xctest */ = {isa = PBXFileReference; explicitFileType = wrapper.cfbundle; includeInIndex = 0; path = "网易新闻Tests.xctest"; sourceTree = BUILT_PRODUCTS_DIR; };
		F5BA36D31C95859400E0F7F7 /* ____Tests.m */ = {isa = PBXFileReference; lastKnownFileType = sourcecode.c.objc; path = "____Tests.m"; sourceTree = "<group>"; };
		F5BA36D51C95859400E0F7F7 /* Info.plist */ = {isa = PBXFileReference; lastKnownFileType = text.plist.xml; path = Info.plist; sourceTree = "<group>"; };
		F5BA36DA1C95859400E0F7F7 /* 网易新闻UITests.xctest */ = {isa = PBXFileReference; explicitFileType = wrapper.cfbundle; includeInIndex = 0; path = "网易新闻UITests.xctest"; sourceTree = BUILT_PRODUCTS_DIR; };
		F5BA36DE1C95859400E0F7F7 /* ____UITests.m */ = {isa = PBXFileReference; lastKnownFileType = sourcecode.c.objc; path = "____UITests.m"; sourceTree = "<group>"; };
		F5BA36E01C95859400E0F7F7 /* Info.plist */ = {isa = PBXFileReference; lastKnownFileType = text.plist.xml; path = Info.plist; sourceTree = "<group>"; };
/* End PBXFileReference section */

/* Begin PBXFrameworksBuildPhase section */
		F5BA36B31C95859400E0F7F7 /* Frameworks */ = {
			isa = PBXFrameworksBuildPhase;
			buildActionMask = 2147483647;
			files = (
				267D9D69CD229E1BD2E91F0E /* libPods.a in Frameworks */,
			);
			runOnlyForDeploymentPostprocessing = 0;
		};
		F5BA36CC1C95859400E0F7F7 /* Frameworks */ = {
			isa = PBXFrameworksBuildPhase;
			buildActionMask = 2147483647;
			files = (
			);
			runOnlyForDeploymentPostprocessing = 0;
		};
		F5BA36D71C95859400E0F7F7 /* Frameworks */ = {
			isa = PBXFrameworksBuildPhase;
			buildActionMask = 2147483647;
			files = (
			);
			runOnlyForDeploymentPostprocessing = 0;
		};
/* End PBXFrameworksBuildPhase section */

/* Begin PBXGroup section */
		465216A347C544546629388C /* Frameworks */ = {
			isa = PBXGroup;
			children = (
				E75EE897A17DCDC94EAEB6BD /* libPods.a */,
			);
			name = Frameworks;
			sourceTree = "<group>";
		};
		8D1E0A953BECD297CA6B84B5 /* Pods */ = {
			isa = PBXGroup;
			children = (
				AAD089C2A1182F080545BE2E /* Pods.debug.xcconfig */,
				BF1CFE2125DEDFA3776A9DF1 /* Pods.release.xcconfig */,
			);
			name = Pods;
			sourceTree = "<group>";
		};
		F558D1301C958FD400F87F88 /* tool */ = {
			isa = PBXGroup;
			children = (
				F558D1311C958FE800F87F88 /* HMNetworkTool.h */,
				F558D1321C958FE800F87F88 /* HMNetworkTool.m */,
			);
			name = tool;
			sourceTree = "<group>";
		};
		F558D1341C958FF200F87F88 /* HeadLine */ = {
			isa = PBXGroup;
			children = (
				F558D1351C95901700F87F88 /* HMHeadLine.h */,
				F558D1361C95901700F87F88 /* HMHeadLine.m */,
				F56A09561C95A9FE00ED9395 /* HMHeadLineViewController.h */,
				F56A09571C95A9FE00ED9395 /* HMHeadLineViewController.m */,
				F56A09821C96D6AA00ED9395 /* headline.Storyboard */,
			);
			name = HeadLine;
			sourceTree = "<group>";
		};
		F56A09591C95AB9700ED9395 /* HMLoopView */ = {
			isa = PBXGroup;
			children = (
				F56A095A1C95ABD100ED9395 /* HMLoopView.h */,
				F56A095B1C95ABD100ED9395 /* HMLoopView.m */,
				F56A095D1C95B7D500ED9395 /* HMloopViewCell.h */,
				F56A095E1C95B7D500ED9395 /* HMloopViewCell.m */,
				F56A09601C95B7F300ED9395 /* HMLoopViewFlowLayout.h */,
				F56A09611C95B7F300ED9395 /* HMLoopViewFlowLayout.m */,
			);
			name = HMLoopView;
			sourceTree = "<group>";
		};
		F56A09631C95BD3200ED9395 /* news */ = {
			isa = PBXGroup;
			children = (
				F56A09641C95BD5400ED9395 /* HMNews.h */,
				F56A09651C95BD5400ED9395 /* HMNews.m */,
				F56A09671C95C08C00ED9395 /* HMNewsViewController.h */,
				F56A09681C95C08C00ED9395 /* HMNewsViewController.m */,
				F56A096A1C95C0DA00ED9395 /* Newss.Storyboard */,
				F56A096C1C95CEA700ED9395 /* HMNewsCell.h */,
				F56A096D1C95CEA700ED9395 /* HMNewsCell.m */,
			);
			name = news;
			sourceTree = "<group>";
		};
		F56A096F1C95DB7300ED9395 /* channel */ = {
			isa = PBXGroup;
			children = (
				F56A097E1C95DF2A00ED9395 /* Home.storyboard */,
				F56D36FB1C97D7D90069E26C /* HMChannelCell.h */,
				F56D36FC1C97D7D90069E26C /* HMChannelCell.m */,
				F56A09721C95DED200ED9395 /* HMChannel.h */,
				F56A09731C95DED200ED9395 /* HMChannel.m */,
				F56A09761C95DED200ED9395 /* HMChannelLabel.h */,
				F56A09771C95DED200ED9395 /* HMChannelLabel.m */,
				F56A097B1C95DEF600ED9395 /* HMHomeViewController.h */,
				F56A097C1C95DEF600ED9395 /* HMHomeViewController.m */,
			);
			name = channel;
			sourceTree = "<group>";
		};
		F5BA36AD1C95859400E0F7F7 = {
			isa = PBXGroup;
			children = (
				F5BA36B81C95859400E0F7F7 /* 网易新闻 */,
				F5BA36D21C95859400E0F7F7 /* 网易新闻Tests */,
				F5BA36DD1C95859400E0F7F7 /* 网易新闻UITests */,
				F5BA36B71C95859400E0F7F7 /* Products */,
				8D1E0A953BECD297CA6B84B5 /* Pods */,
				465216A347C544546629388C /* Frameworks */,
			);
			sourceTree = "<group>";
		};
		F5BA36B71C95859400E0F7F7 /* Products */ = {
			isa = PBXGroup;
			children = (
				F5BA36B61C95859400E0F7F7 /* 网易新闻.app */,
				F5BA36CF1C95859400E0F7F7 /* 网易新闻Tests.xctest */,
				F5BA36DA1C95859400E0F7F7 /* 网易新闻UITests.xctest */,
			);
			name = Products;
			sourceTree = "<group>";
		};
		F5BA36B81C95859400E0F7F7 /* 网易新闻 */ = {
			isa = PBXGroup;
			children = (
				F56A096F1C95DB7300ED9395 /* channel */,
				F56A09631C95BD3200ED9395 /* news */,
				F56A09591C95AB9700ED9395 /* HMLoopView */,
				F558D1341C958FF200F87F88 /* HeadLine */,
				F558D1301C958FD400F87F88 /* tool */,
				F5BA36BC1C95859400E0F7F7 /* AppDelegate.h */,
				F5BA36BD1C95859400E0F7F7 /* AppDelegate.m */,
				F5BA36BF1C95859400E0F7F7 /* ViewController.h */,
				F5BA36C01C95859400E0F7F7 /* ViewController.m */,
				F5BA36C51C95859400E0F7F7 /* Assets.xcassets */,
				F5BA36C71C95859400E0F7F7 /* LaunchScreen.storyboard */,
				F5BA36CA1C95859400E0F7F7 /* Info.plist */,
				F5BA36B91C95859400E0F7F7 /* Supporting Files */,
			);
			path = "网易新闻";
			sourceTree = "<group>";
		};
		F5BA36B91C95859400E0F7F7 /* Supporting Files */ = {
			isa = PBXGroup;
			children = (
				F56A09801C95DFED00ED9395 /* topic_news.json */,
				F5BA36BA1C95859400E0F7F7 /* main.m */,
			);
			name = "Supporting Files";
			sourceTree = "<group>";
		};
		F5BA36D21C95859400E0F7F7 /* 网易新闻Tests */ = {
			isa = PBXGroup;
			children = (
				F5BA36D31C95859400E0F7F7 /* ____Tests.m */,
				F5BA36D51C95859400E0F7F7 /* Info.plist */,
			);
			path = "网易新闻Tests";
			sourceTree = "<group>";
		};
		F5BA36DD1C95859400E0F7F7 /* 网易新闻UITests */ = {
			isa = PBXGroup;
			children = (
				F5BA36DE1C95859400E0F7F7 /* ____UITests.m */,
				F5BA36E01C95859400E0F7F7 /* Info.plist */,
			);
			path = "网易新闻UITests";
			sourceTree = "<group>";
		};
/* End PBXGroup section */

/* Begin PBXNativeTarget section */
		F5BA36B51C95859400E0F7F7 /* 网易新闻 */ = {
			isa = PBXNativeTarget;
			buildConfigurationList = F5BA36E31C95859400E0F7F7 /* Build configuration list for PBXNativeTarget "网易新闻" */;
			buildPhases = (
				ADBC8618076E166712B72279 /* Check Pods Manifest.lock */,
				F5BA36B21C95859400E0F7F7 /* Sources */,
				F5BA36B31C95859400E0F7F7 /* Frameworks */,
				F5BA36B41C95859400E0F7F7 /* Resources */,
				0B58AF5EF43C37EF11882FE7 /* Embed Pods Frameworks */,
				A2C7C4771C1F84CF774823BE /* Copy Pods Resources */,
			);
			buildRules = (
			);
			dependencies = (
			);
			name = "网易新闻";
			productName = "网易新闻";
			productReference = F5BA36B61C95859400E0F7F7 /* 网易新闻.app */;
			productType = "com.apple.product-type.application";
		};
		F5BA36CE1C95859400E0F7F7 /* 网易新闻Tests */ = {
			isa = PBXNativeTarget;
			buildConfigurationList = F5BA36E61C95859400E0F7F7 /* Build configuration list for PBXNativeTarget "网易新闻Tests" */;
			buildPhases = (
				F5BA36CB1C95859400E0F7F7 /* Sources */,
				F5BA36CC1C95859400E0F7F7 /* Frameworks */,
				F5BA36CD1C95859400E0F7F7 /* Resources */,
			);
			buildRules = (
			);
			dependencies = (
				F5BA36D11C95859400E0F7F7 /* PBXTargetDependency */,
			);
			name = "网易新闻Tests";
			productName = "网易新闻Tests";
			productReference = F5BA36CF1C95859400E0F7F7 /* 网易新闻Tests.xctest */;
			productType = "com.apple.product-type.bundle.unit-test";
		};
		F5BA36D91C95859400E0F7F7 /* 网易新闻UITests */ = {
			isa = PBXNativeTarget;
			buildConfigurationList = F5BA36E91C95859400E0F7F7 /* Build configuration list for PBXNativeTarget "网易新闻UITests" */;
			buildPhases = (
				F5BA36D61C95859400E0F7F7 /* Sources */,
				F5BA36D71C95859400E0F7F7 /* Frameworks */,
				F5BA36D81C95859400E0F7F7 /* Resources */,
			);
			buildRules = (
			);
			dependencies = (
				F5BA36DC1C95859400E0F7F7 /* PBXTargetDependency */,
			);
			name = "网易新闻UITests";
			productName = "网易新闻UITests";
			productReference = F5BA36DA1C95859400E0F7F7 /* 网易新闻UITests.xctest */;
			productType = "com.apple.product-type.bundle.ui-testing";
		};
/* End PBXNativeTarget section */

/* Begin PBXProject section */
		F5BA36AE1C95859400E0F7F7 /* Project object */ = {
			isa = PBXProject;
			attributes = {
				LastUpgradeCheck = 0720;
				ORGANIZATIONNAME = wyman;
				TargetAttributes = {
					F5BA36B51C95859400E0F7F7 = {
						CreatedOnToolsVersion = 7.2;
						DevelopmentTeam = LYEX7G74PX;
					};
					F5BA36CE1C95859400E0F7F7 = {
						CreatedOnToolsVersion = 7.2;
						DevelopmentTeam = LYEX7G74PX;
						TestTargetID = F5BA36B51C95859400E0F7F7;
					};
					F5BA36D91C95859400E0F7F7 = {
						CreatedOnToolsVersion = 7.2;
						DevelopmentTeam = LYEX7G74PX;
						TestTargetID = F5BA36B51C95859400E0F7F7;
					};
				};
			};
			buildConfigurationList = F5BA36B11C95859400E0F7F7 /* Build configuration list for PBXProject "网易新闻" */;
			compatibilityVersion = "Xcode 3.2";
			developmentRegion = English;
			hasScannedForEncodings = 0;
			knownRegions = (
				en,
				Base,
			);
			mainGroup = F5BA36AD1C95859400E0F7F7;
			productRefGroup = F5BA36B71C95859400E0F7F7 /* Products */;
			projectDirPath = "";
			projectRoot = "";
			targets = (
				F5BA36B51C95859400E0F7F7 /* 网易新闻 */,
				F5BA36CE1C95859400E0F7F7 /* 网易新闻Tests */,
				F5BA36D91C95859400E0F7F7 /* 网易新闻UITests */,
			);
		};
/* End PBXProject section */

/* Begin PBXResourcesBuildPhase section */
		F5BA36B41C95859400E0F7F7 /* Resources */ = {
			isa = PBXResourcesBuildPhase;
			buildActionMask = 2147483647;
			files = (
				F56A09811C95DFED00ED9395 /* topic_news.json in Resources */,
				F5BA36C91C95859400E0F7F7 /* LaunchScreen.storyboard in Resources */,
				F5BA36C61C95859400E0F7F7 /* Assets.xcassets in Resources */,
				F56A09831C96D6AA00ED9395 /* headline.Storyboard in Resources */,
				F56A097F1C95DF2A00ED9395 /* Home.storyboard in Resources */,
				F56A096B1C95C0DA00ED9395 /* Newss.Storyboard in Resources */,
			);
			runOnlyForDeploymentPostprocessing = 0;
		};
		F5BA36CD1C95859400E0F7F7 /* Resources */ = {
			isa = PBXResourcesBuildPhase;
			buildActionMask = 2147483647;
			files = (
			);
			runOnlyForDeploymentPostprocessing = 0;
		};
		F5BA36D81C95859400E0F7F7 /* Resources */ = {
			isa = PBXResourcesBuildPhase;
			buildActionMask = 2147483647;
			files = (
			);
			runOnlyForDeploymentPostprocessing = 0;
		};
/* End PBXResourcesBuildPhase section */

/* Begin PBXShellScriptBuildPhase section */
		0B58AF5EF43C37EF11882FE7 /* Embed Pods Frameworks */ = {
			isa = PBXShellScriptBuildPhase;
			buildActionMask = 2147483647;
			files = (
			);
			inputPaths = (
			);
			name = "Embed Pods Frameworks";
			outputPaths = (
			);
			runOnlyForDeploymentPostprocessing = 0;
			shellPath = /bin/sh;
			shellScript = "\"${SRCROOT}/Pods/Target Support Files/Pods/Pods-frameworks.sh\"\n";
			showEnvVarsInLog = 0;
		};
		A2C7C4771C1F84CF774823BE /* Copy Pods Resources */ = {
			isa = PBXShellScriptBuildPhase;
			buildActionMask = 2147483647;
			files = (
			);
			inputPaths = (
			);
			name = "Copy Pods Resources";
			outputPaths = (
			);
			runOnlyForDeploymentPostprocessing = 0;
			shellPath = /bin/sh;
			shellScript = "\"${SRCROOT}/Pods/Target Support Files/Pods/Pods-resources.sh\"\n";
			showEnvVarsInLog = 0;
		};
		ADBC8618076E166712B72279 /* Check Pods Manifest.lock */ = {
			isa = PBXShellScriptBuildPhase;
			buildActionMask = 2147483647;
			files = (
			);
			inputPaths = (
			);
			name = "Check Pods Manifest.lock";
			outputPaths = (
			);
			runOnlyForDeploymentPostprocessing = 0;
			shellPath = /bin/sh;
			shellScript = "diff \"${PODS_ROOT}/../Podfile.lock\" \"${PODS_ROOT}/Manifest.lock\" > /dev/null\nif [[ $? != 0 ]] ; then\n    cat << EOM\nerror: The sandbox is not in sync with the Podfile.lock. Run 'pod install' or update your CocoaPods installation.\nEOM\n    exit 1\nfi\n";
			showEnvVarsInLog = 0;
		};
/* End PBXShellScriptBuildPhase section */

/* Begin PBXSourcesBuildPhase section */
		F5BA36B21C95859400E0F7F7 /* Sources */ = {
			isa = PBXSourcesBuildPhase;
			buildActionMask = 2147483647;
			files = (
				F56A09691C95C08C00ED9395 /* HMNewsViewController.m in Sources */,
				F5BA36C11C95859400E0F7F7 /* ViewController.m in Sources */,
				F56A09781C95DED200ED9395 /* HMChannel.m in Sources */,
				F56A097A1C95DED200ED9395 /* HMChannelLabel.m in Sources */,
				F558D1371C95901700F87F88 /* HMHeadLine.m in Sources */,
				F56A095C1C95ABD100ED9395 /* HMLoopView.m in Sources */,
				F56A09621C95B7F300ED9395 /* HMLoopViewFlowLayout.m in Sources */,
				F5BA36BE1C95859400E0F7F7 /* AppDelegate.m in Sources */,
				F56D36FD1C97D7D90069E26C /* HMChannelCell.m in Sources */,
				F56A09661C95BD5400ED9395 /* HMNews.m in Sources */,
				F5BA36BB1C95859400E0F7F7 /* main.m in Sources */,
				F56A095F1C95B7D500ED9395 /* HMloopViewCell.m in Sources */,
				F56A096E1C95CEA700ED9395 /* HMNewsCell.m in Sources */,
				F558D1331C958FE800F87F88 /* HMNetworkTool.m in Sources */,
				F56A097D1C95DEF600ED9395 /* HMHomeViewController.m in Sources */,
				F56A09581C95A9FE00ED9395 /* HMHeadLineViewController.m in Sources */,
			);
			runOnlyForDeploymentPostprocessing = 0;
		};
		F5BA36CB1C95859400E0F7F7 /* Sources */ = {
			isa = PBXSourcesBuildPhase;
			buildActionMask = 2147483647;
			files = (
				F5BA36D41C95859400E0F7F7 /* ____Tests.m in Sources */,
			);
			runOnlyForDeploymentPostprocessing = 0;
		};
		F5BA36D61C95859400E0F7F7 /* Sources */ = {
			isa = PBXSourcesBuildPhase;
			buildActionMask = 2147483647;
			files = (
				F5BA36DF1C95859400E0F7F7 /* ____UITests.m in Sources */,
			);
			runOnlyForDeploymentPostprocessing = 0;
		};
/* End PBXSourcesBuildPhase section */

/* Begin PBXTargetDependency section */
		F5BA36D11C95859400E0F7F7 /* PBXTargetDependency */ = {
			isa = PBXTargetDependency;
			target = F5BA36B51C95859400E0F7F7 /* 网易新闻 */;
			targetProxy = F5BA36D01C95859400E0F7F7 /* PBXContainerItemProxy */;
		};
		F5BA36DC1C95859400E0F7F7 /* PBXTargetDependency */ = {
			isa = PBXTargetDependency;
			target = F5BA36B51C95859400E0F7F7 /* 网易新闻 */;
			targetProxy = F5BA36DB1C95859400E0F7F7 /* PBXContainerItemProxy */;
		};
/* End PBXTargetDependency section */

/* Begin PBXVariantGroup section */
		F5BA36C71C95859400E0F7F7 /* LaunchScreen.storyboard */ = {
			isa = PBXVariantGroup;
			children = (
				F5BA36C81C95859400E0F7F7 /* Base */,
			);
			name = LaunchScreen.storyboard;
			sourceTree = "<group>";
		};
/* End PBXVariantGroup section */

/* Begin XCBuildConfiguration section */
		F5BA36E11C95859400E0F7F7 /* Debug */ = {
			isa = XCBuildConfiguration;
			buildSettings = {
				ALWAYS_SEARCH_USER_PATHS = NO;
				CLANG_CXX_LANGUAGE_STANDARD = "gnu++0x";
				CLANG_CXX_LIBRARY = "libc++";
				CLANG_ENABLE_MODULES = YES;
				CLANG_ENABLE_OBJC_ARC = YES;
				CLANG_WARN_BOOL_CONVERSION = YES;
				CLANG_WARN_CONSTANT_CONVERSION = YES;
				CLANG_WARN_DIRECT_OBJC_ISA_USAGE = YES_ERROR;
				CLANG_WARN_EMPTY_BODY = YES;
				CLANG_WARN_ENUM_CONVERSION = YES;
				CLANG_WARN_INT_CONVERSION = YES;
				CLANG_WARN_OBJC_ROOT_CLASS = YES_ERROR;
				CLANG_WARN_UNREACHABLE_CODE = YES;
				CLANG_WARN__DUPLICATE_METHOD_MATCH = YES;
				"CODE_SIGN_IDENTITY[sdk=iphoneos*]" = "iPhone Developer";
				COPY_PHASE_STRIP = NO;
				DEBUG_INFORMATION_FORMAT = dwarf;
				ENABLE_STRICT_OBJC_MSGSEND = YES;
				ENABLE_TESTABILITY = YES;
				GCC_C_LANGUAGE_STANDARD = gnu99;
				GCC_DYNAMIC_NO_PIC = NO;
				GCC_NO_COMMON_BLOCKS = YES;
				GCC_OPTIMIZATION_LEVEL = 0;
				GCC_PREPROCESSOR_DEFINITIONS = (
					"DEBUG=1",
					"$(inherited)",
				);
				GCC_WARN_64_TO_32_BIT_CONVERSION = YES;
				GCC_WARN_ABOUT_RETURN_TYPE = YES_ERROR;
				GCC_WARN_UNDECLARED_SELECTOR = YES;
				GCC_WARN_UNINITIALIZED_AUTOS = YES_AGGRESSIVE;
				GCC_WARN_UNUSED_FUNCTION = YES;
				GCC_WARN_UNUSED_VARIABLE = YES;
				IPHONEOS_DEPLOYMENT_TARGET = 9.2;
				MTL_ENABLE_DEBUG_INFO = YES;
				ONLY_ACTIVE_ARCH = YES;
				SDKROOT = iphoneos;
				TARGETED_DEVICE_FAMILY = "1,2";
			};
			name = Debug;
		};
		F5BA36E21C95859400E0F7F7 /* Release */ = {
			isa = XCBuildConfiguration;
			buildSettings = {
				ALWAYS_SEARCH_USER_PATHS = NO;
				CLANG_CXX_LANGUAGE_STANDARD = "gnu++0x";
				CLANG_CXX_LIBRARY = "libc++";
				CLANG_ENABLE_MODULES = YES;
				CLANG_ENABLE_OBJC_ARC = YES;
				CLANG_WARN_BOOL_CONVERSION = YES;
				CLANG_WARN_CONSTANT_CONVERSION = YES;
				CLANG_WARN_DIRECT_OBJC_ISA_USAGE = YES_ERROR;
				CLANG_WARN_EMPTY_BODY = YES;
				CLANG_WARN_ENUM_CONVERSION = YES;
				CLANG_WARN_INT_CONVERSION = YES;
				CLANG_WARN_OBJC_ROOT_CLASS = YES_ERROR;
				CLANG_WARN_UNREACHABLE_CODE = YES;
				CLANG_WARN__DUPLICATE_METHOD_MATCH = YES;
				"CODE_SIGN_IDENTITY[sdk=iphoneos*]" = "iPhone Developer";
				COPY_PHASE_STRIP = NO;
				DEBUG_INFORMATION_FORMAT = "dwarf-with-dsym";
				ENABLE_NS_ASSERTIONS = NO;
				ENABLE_STRICT_OBJC_MSGSEND = YES;
				GCC_C_LANGUAGE_STANDARD = gnu99;
				GCC_NO_COMMON_BLOCKS = YES;
				GCC_WARN_64_TO_32_BIT_CONVERSION = YES;
				GCC_WARN_ABOUT_RETURN_TYPE = YES_ERROR;
				GCC_WARN_UNDECLARED_SELECTOR = YES;
				GCC_WARN_UNINITIALIZED_AUTOS = YES_AGGRESSIVE;
				GCC_WARN_UNUSED_FUNCTION = YES;
				GCC_WARN_UNUSED_VARIABLE = YES;
				IPHONEOS_DEPLOYMENT_TARGET = 9.2;
				MTL_ENABLE_DEBUG_INFO = NO;
				SDKROOT = iphoneos;
				TARGETED_DEVICE_FAMILY = "1,2";
				VALIDATE_PRODUCT = YES;
			};
			name = Release;
		};
		F5BA36E41C95859400E0F7F7 /* Debug */ = {
			isa = XCBuildConfiguration;
			baseConfigurationReference = AAD089C2A1182F080545BE2E /* Pods.debug.xcconfig */;
			buildSettings = {
				ASSETCATALOG_COMPILER_APPICON_NAME = AppIcon;
				INFOPLIST_FILE = "网易新闻/Info.plist";
				LD_RUNPATH_SEARCH_PATHS = "$(inherited) @executable_path/Frameworks";
				PRODUCT_BUNDLE_IDENTIFIER = "cn.wyman.www.----";
				PRODUCT_NAME = "$(TARGET_NAME)";
			};
			name = Debug;
		};
		F5BA36E51C95859400E0F7F7 /* Release */ = {
			isa = XCBuildConfiguration;
			baseConfigurationReference = BF1CFE2125DEDFA3776A9DF1 /* Pods.release.xcconfig */;
			buildSettings = {
				ASSETCATALOG_COMPILER_APPICON_NAME = AppIcon;
				INFOPLIST_FILE = "网易新闻/Info.plist";
				LD_RUNPATH_SEARCH_PATHS = "$(inherited) @executable_path/Frameworks";
				PRODUCT_BUNDLE_IDENTIFIER = "cn.wyman.www.----";
				PRODUCT_NAME = "$(TARGET_NAME)";
			};
			name = Release;
		};
		F5BA36E71C95859400E0F7F7 /* Debug */ = {
			isa = XCBuildConfiguration;
			buildSettings = {
				BUNDLE_LOADER = "$(TEST_HOST)";
				INFOPLIST_FILE = "网易新闻Tests/Info.plist";
				LD_RUNPATH_SEARCH_PATHS = "$(inherited) @executable_path/Frameworks @loader_path/Frameworks";
				PRODUCT_BUNDLE_IDENTIFIER = "cn.wyman.www.----Tests";
				PRODUCT_NAME = "$(TARGET_NAME)";
				TEST_HOST = "$(BUILT_PRODUCTS_DIR)/网易新闻.app/网易新闻";
			};
			name = Debug;
		};
		F5BA36E81C95859400E0F7F7 /* Release */ = {
			isa = XCBuildConfiguration;
			buildSettings = {
				BUNDLE_LOADER = "$(TEST_HOST)";
				INFOPLIST_FILE = "网易新闻Tests/Info.plist";
				LD_RUNPATH_SEARCH_PATHS = "$(inherited) @executable_path/Frameworks @loader_path/Frameworks";
				PRODUCT_BUNDLE_IDENTIFIER = "cn.wyman.www.----Tests";
				PRODUCT_NAME = "$(TARGET_NAME)";
				TEST_HOST = "$(BUILT_PRODUCTS_DIR)/网易新闻.app/网易新闻";
			};
			name = Release;
		};
		F5BA36EA1C95859400E0F7F7 /* Debug */ = {
			isa = XCBuildConfiguration;
			buildSettings = {
				INFOPLIST_FILE = "网易新闻UITests/Info.plist";
				LD_RUNPATH_SEARCH_PATHS = "$(inherited) @executable_path/Frameworks @loader_path/Frameworks";
				PRODUCT_BUNDLE_IDENTIFIER = "cn.wyman.www.----UITests";
				PRODUCT_NAME = "$(TARGET_NAME)";
				TEST_TARGET_NAME = "网易新闻";
				USES_XCTRUNNER = YES;
			};
			name = Debug;
		};
		F5BA36EB1C95859400E0F7F7 /* Release */ = {
			isa = XCBuildConfiguration;
			buildSettings = {
				INFOPLIST_FILE = "网易新闻UITests/Info.plist";
				LD_RUNPATH_SEARCH_PATHS = "$(inherited) @executable_path/Frameworks @loader_path/Frameworks";
				PRODUCT_BUNDLE_IDENTIFIER = "cn.wyman.www.----UITests";
				PRODUCT_NAME = "$(TARGET_NAME)";
				TEST_TARGET_NAME = "网易新闻";
				USES_XCTRUNNER = YES;
			};
			name = Release;
		};
/* End XCBuildConfiguration section */

/* Begin XCConfigurationList section */
		F5BA36B11C95859400E0F7F7 /* Build configuration list for PBXProject "网易新闻" */ = {
			isa = XCConfigurationList;
			buildConfigurations = (
				F5BA36E11C95859400E0F7F7 /* Debug */,
				F5BA36E21C95859400E0F7F7 /* Release */,
			);
			defaultConfigurationIsVisible = 0;
			defaultConfigurationName = Release;
		};
		F5BA36E31C95859400E0F7F7 /* Build configuration list for PBXNativeTarget "网易新闻" */ = {
			isa = XCConfigurationList;
			buildConfigurations = (
				F5BA36E41C95859400E0F7F7 /* Debug */,
				F5BA36E51C95859400E0F7F7 /* Release */,
			);
			defaultConfigurationIsVisible = 0;
			defaultConfigurationName = Release;
		};
		F5BA36E61C95859400E0F7F7 /* Build configuration list for PBXNativeTarget "网易新闻Tests" */ = {
			isa = XCConfigurationList;
			buildConfigurations = (
				F5BA36E71C95859400E0F7F7 /* Debug */,
				F5BA36E81C95859400E0F7F7 /* Release */,
			);
			defaultConfigurationIsVisible = 0;
			defaultConfigurationName = Release;
		};
		F5BA36E91C95859400E0F7F7 /* Build configuration list for PBXNativeTarget "网易新闻UITests" */ = {
			isa = XCConfigurationList;
			buildConfigurations = (
				F5BA36EA1C95859400E0F7F7 /* Debug */,
				F5BA36EB1C95859400E0F7F7 /* Release */,
			);
			defaultConfigurationIsVisible = 0;
			defaultConfigurationName = Release;
		};
/* End XCConfigurationList section */
	};
	rootObject = F5BA36AE1C95859400E0F7F7 /* Project object */;
}
